{
  "name": "svelte-preprocess-blockdown",
  "version": "0.0.1",
  "lockfileVersion": 1,
  "requires": true,
  "dependencies": {
    "@saibotsivad/blockdown": {
      "version": "1.2.1",
      "resolved": "https://registry.npmjs.org/@saibotsivad/blockdown/-/blockdown-1.2.1.tgz",
      "integrity": "sha512-NAtwd9ccqslKccnPup3+qhVWsgfpvbmzGjRXaKl+OZ4ZaLfIz5UQDfKmeODI++a7OLbOCggfojf8OBnFA2c28g=="
    }
  }
}
